{
    "name": "palette",
    "version": "1.0.0",
    "lockfileVersion": 2,
    "requires": true,
    "packages": {
        "": {
            "name": "palette",
            "version": "1.0.0",
            "devDependencies": {
                "@types/jquery": "1.10.27",
                "typescript": "^5.0.2"
            }
        },
        "node_modules/@types/jquery": {
            "version": "1.10.27",
            "resolved": "https://registry.npmjs.org/@types/jquery/-/jquery-1.10.27.tgz",
            "integrity": "sha512-IIQJzkqPmbABLiPq9zvI1Z+5JNKLnm2Alj9wYygBoF+7NuQWrhkIfwhQldg6QotFivDhs6JEBaahz0ioyoIX+w==",
            "dev": true
        },
        "node_modules/typescript": {
            "version": "5.0.2",
            "resolved": "https://registry.npmjs.org/typescript/-/typescript-5.0.2.tgz",
            "integrity": "sha512-wVORMBGO/FAs/++blGNeAVdbNKtIh1rbBL2EyQ1+J9lClJ93KiiKe8PmFIVdXhHcyv44SL9oglmfeSsndo0jRw==",
            "dev": true,
            "bin": {
                "tsc": "bin/tsc",
                "tsserver": "bin/tsserver"
            },
            "engines": {
                "node": ">=12.20"
            }
        }
    },
    "dependencies": {
        "@types/jquery": {
            "version": "1.10.27",
            "resolved": "https://registry.npmjs.org/@types/jquery/-/jquery-1.10.27.tgz",
            "integrity": "sha512-IIQJzkqPmbABLiPq9zvI1Z+5JNKLnm2Alj9wYygBoF+7NuQWrhkIfwhQldg6QotFivDhs6JEBaahz0ioyoIX+w==",
            "dev": true
        },
        "typescript": {
            "version": "5.0.2",
            "resolved": "https://registry.npmjs.org/typescript/-/typescript-5.0.2.tgz",
            "integrity": "sha512-wVORMBGO/FAs/++blGNeAVdbNKtIh1rbBL2EyQ1+J9lClJ93KiiKe8PmFIVdXhHcyv44SL9oglmfeSsndo0jRw==",
            "dev": true
        }
    }
}
